
Microsoft Visual Studio Solution File, Format Version 12.00
# Visual Studio 15
Project("{FAE04EC0-301F-11D3-BF4B-00C04F79EFBC}") = "Poker", "Poker\Poker.csproj", "{20AD048D-3194-4148-B026-2B430D7FFA2C}"
EndProject
Global
	GlobalSection(SolutionConfigurationPlatforms) = preSolution
		Debug|anycpu = Debug|anycpu
		Release|anycpu = Release|anycpu
	EndGlobalSection
	GlobalSection(ProjectConfigurationPlatforms) = postSolution
		{20AD048D-3194-4148-B026-2B430D7FFA2C}.Debug|anycpu.ActiveCfg = Debug|anycpu
		{20AD048D-3194-4148-B026-2B430D7FFA2C}.Debug|anycpu.Build.0 = Debug|anycpu
		{20AD048D-3194-4148-B026-2B430D7FFA2C}.Release|anycpu.ActiveCfg = Release|anycpu
		{20AD048D-3194-4148-B026-2B430D7FFA2C}.Release|anycpu.Build.0 = Release|anycpu
	EndGlobalSection
EndGlobal
